
Microsoft Visual Studio Solution File, Format Version 12.00
# Visual Studio 15
VisualStudioVersion = 15.0.26124.0
MinimumVisualStudioVersion = 15.0.26124.0
Project("{FAE04EC0-301F-11D3-BF4B-00C04F79EFBC}") = "QuickBuy.Dominio", "QuickBuy.Dominio\QuickBuy.Dominio.csproj", "{E9F42DC0-A07E-4D09-91C6-21B876A8EEFC}"
EndProject
Project("{FAE04EC0-301F-11D3-BF4B-00C04F79EFBC}") = "QuickBuy.Repositorio", "QuickBuy.Repositorio\QuickBuy.Repositorio.csproj", "{D15132C4-0ED8-44B6-9991-CBD49A586D3D}"
EndProject
Project("{FAE04EC0-301F-11D3-BF4B-00C04F79EFBC}") = "QuickBuy.Web", "QuickBuy.Web\QuickBuy.Web.csproj", "{FE3567C7-0862-4B91-A49B-537B3146940E}"
EndProject
Global
	GlobalSection(SolutionConfigurationPlatforms) = preSolution
		Debug|Any CPU = Debug|Any CPU
		Debug|x64 = Debug|x64
		Debug|x86 = Debug|x86
		Release|Any CPU = Release|Any CPU
		Release|x64 = Release|x64
		Release|x86 = Release|x86
	EndGlobalSection
	GlobalSection(SolutionProperties) = preSolution
		HideSolutionNode = FALSE
	EndGlobalSection
	GlobalSection(ProjectConfigurationPlatforms) = postSolution
		{E9F42DC0-A07E-4D09-91C6-21B876A8EEFC}.Debug|Any CPU.ActiveCfg = Debug|Any CPU
		{E9F42DC0-A07E-4D09-91C6-21B876A8EEFC}.Debug|Any CPU.Build.0 = Debug|Any CPU
		{E9F42DC0-A07E-4D09-91C6-21B876A8EEFC}.Debug|x64.ActiveCfg = Debug|Any CPU
		{E9F42DC0-A07E-4D09-91C6-21B876A8EEFC}.Debug|x64.Build.0 = Debug|Any CPU
		{E9F42DC0-A07E-4D09-91C6-21B876A8EEFC}.Debug|x86.ActiveCfg = Debug|Any CPU
		{E9F42DC0-A07E-4D09-91C6-21B876A8EEFC}.Debug|x86.Build.0 = Debug|Any CPU
		{E9F42DC0-A07E-4D09-91C6-21B876A8EEFC}.Release|Any CPU.ActiveCfg = Release|Any CPU
		{E9F42DC0-A07E-4D09-91C6-21B876A8EEFC}.Release|Any CPU.Build.0 = Release|Any CPU
		{E9F42DC0-A07E-4D09-91C6-21B876A8EEFC}.Release|x64.ActiveCfg = Release|Any CPU
		{E9F42DC0-A07E-4D09-91C6-21B876A8EEFC}.Release|x64.Build.0 = Release|Any CPU
		{E9F42DC0-A07E-4D09-91C6-21B876A8EEFC}.Release|x86.ActiveCfg = Release|Any CPU
		{E9F42DC0-A07E-4D09-91C6-21B876A8EEFC}.Release|x86.Build.0 = Release|Any CPU
		{D15132C4-0ED8-44B6-9991-CBD49A586D3D}.Debug|Any CPU.ActiveCfg = Debug|Any CPU
		{D15132C4-0ED8-44B6-9991-CBD49A586D3D}.Debug|Any CPU.Build.0 = Debug|Any CPU
		{D15132C4-0ED8-44B6-9991-CBD49A586D3D}.Debug|x64.ActiveCfg = Debug|Any CPU
		{D15132C4-0ED8-44B6-9991-CBD49A586D3D}.Debug|x64.Build.0 = Debug|Any CPU
		{D15132C4-0ED8-44B6-9991-CBD49A586D3D}.Debug|x86.ActiveCfg = Debug|Any CPU
		{D15132C4-0ED8-44B6-9991-CBD49A586D3D}.Debug|x86.Build.0 = Debug|Any CPU
		{D15132C4-0ED8-44B6-9991-CBD49A586D3D}.Release|Any CPU.ActiveCfg = Release|Any CPU
		{D15132C4-0ED8-44B6-9991-CBD49A586D3D}.Release|Any CPU.Build.0 = Release|Any CPU
		{D15132C4-0ED8-44B6-9991-CBD49A586D3D}.Release|x64.ActiveCfg = Release|Any CPU
		{D15132C4-0ED8-44B6-9991-CBD49A586D3D}.Release|x64.Build.0 = Release|Any CPU
		{D15132C4-0ED8-44B6-9991-CBD49A586D3D}.Release|x86.ActiveCfg = Release|Any CPU
		{D15132C4-0ED8-44B6-9991-CBD49A586D3D}.Release|x86.Build.0 = Release|Any CPU
		{FE3567C7-0862-4B91-A49B-537B3146940E}.Debug|Any CPU.ActiveCfg = Debug|Any CPU
		{FE3567C7-0862-4B91-A49B-537B3146940E}.Debug|Any CPU.Build.0 = Debug|Any CPU
		{FE3567C7-0862-4B91-A49B-537B3146940E}.Debug|x64.ActiveCfg = Debug|Any CPU
		{FE3567C7-0862-4B91-A49B-537B3146940E}.Debug|x64.Build.0 = Debug|Any CPU
		{FE3567C7-0862-4B91-A49B-537B3146940E}.Debug|x86.ActiveCfg = Debug|Any CPU
		{FE3567C7-0862-4B91-A49B-537B3146940E}.Debug|x86.Build.0 = Debug|Any CPU
		{FE3567C7-0862-4B91-A49B-537B3146940E}.Release|Any CPU.ActiveCfg = Release|Any CPU
		{FE3567C7-0862-4B91-A49B-537B3146940E}.Release|Any CPU.Build.0 = Release|Any CPU
		{FE3567C7-0862-4B91-A49B-537B3146940E}.Release|x64.ActiveCfg = Release|Any CPU
		{FE3567C7-0862-4B91-A49B-537B3146940E}.Release|x64.Build.0 = Release|Any CPU
		{FE3567C7-0862-4B91-A49B-537B3146940E}.Release|x86.ActiveCfg = Release|Any CPU
		{FE3567C7-0862-4B91-A49B-537B3146940E}.Release|x86.Build.0 = Release|Any CPU
	EndGlobalSection
EndGlobal
